
Microsoft Visual Studio Solution File, Format Version 12.00
# Visual Studio 15
VisualStudioVersion = 15.0.28307.102
MinimumVisualStudioVersion = 10.0.40219.1
Project("{FAE04EC0-301F-11D3-BF4B-00C04F79EFBC}") = "Task6", "Task6\Task6.csproj", "{02CE7BDA-03F4-4A17-8712-F148C268DE14}"
EndProject
Project("{FAE04EC0-301F-11D3-BF4B-00C04F79EFBC}") = "Test", "Test\Test.csproj", "{384DD8F7-9C82-4DD8-8175-59904BE1C183}"
EndProject
Global
	GlobalSection(SolutionConfigurationPlatforms) = preSolution
		Debug|Any CPU = Debug|Any CPU
		Release|Any CPU = Release|Any CPU
	EndGlobalSection
	GlobalSection(ProjectConfigurationPlatforms) = postSolution
		{02CE7BDA-03F4-4A17-8712-F148C268DE14}.Debug|Any CPU.ActiveCfg = Debug|Any CPU
		{02CE7BDA-03F4-4A17-8712-F148C268DE14}.Debug|Any CPU.Build.0 = Debug|Any CPU
		{02CE7BDA-03F4-4A17-8712-F148C268DE14}.Release|Any CPU.ActiveCfg = Release|Any CPU
		{02CE7BDA-03F4-4A17-8712-F148C268DE14}.Release|Any CPU.Build.0 = Release|Any CPU
		{384DD8F7-9C82-4DD8-8175-59904BE1C183}.Debug|Any CPU.ActiveCfg = Debug|Any CPU
		{384DD8F7-9C82-4DD8-8175-59904BE1C183}.Debug|Any CPU.Build.0 = Debug|Any CPU
		{384DD8F7-9C82-4DD8-8175-59904BE1C183}.Release|Any CPU.ActiveCfg = Release|Any CPU
		{384DD8F7-9C82-4DD8-8175-59904BE1C183}.Release|Any CPU.Build.0 = Release|Any CPU
	EndGlobalSection
	GlobalSection(SolutionProperties) = preSolution
		HideSolutionNode = FALSE
	EndGlobalSection
	GlobalSection(ExtensibilityGlobals) = postSolution
		SolutionGuid = {FB2584F0-11B2-4C7C-9331-CB3E09547F09}
	EndGlobalSection
EndGlobal
